github.com/kivihub/go-project v0.0.0-20220609171025-ddc571bdbc13 h1:MrU4ZtKX/fNJ+jXU5UlKeNSXNIY2Bs1yrZzEiRkzjAw=
github.com/kivihub/go-project v0.0.0-20220609171025-ddc571bdbc13/go.mod h1:NVSXstZcVIo1hKksece+1S1JuwXTNuJvRXqezaVxQYQ=
github.com/kivihub/go-project v0.0.0-20220610025404-786350dcdde2 h1:HsDfWbbHgO8LtIBaZtspbLueWiKJL3FiX4qToVVsRuU=
github.com/kivihub/go-project v0.0.0-20220610025404-786350dcdde2/go.mod h1:NVSXstZcVIo1hKksece+1S1JuwXTNuJvRXqezaVxQYQ=
